{
  "lockfile_version": "1",
  "packages": {
    "python@2.7.18.8": {
      "last_modified": "2024-08-14T11:41:26Z",
      "plugin_version": "0.0.3",
      "resolved": "github:NixOS/nixpkgs/0cb2fd7c59fed0cd82ef858cbcbdb552b9a33465#python2",
      "source": "devbox-search",
      "version": "2.7.18.8",
      "systems": {
        "aarch64-darwin": {
          "outputs": [
            {
              "name": "out",
              "path": "/nix/store/lcb5pxf4j9qvf5jjmlszbrv3hm60lpng-python-2.7.18.8",
              "default": true
            }
          ],
          "store_path": "/nix/store/lcb5pxf4j9qvf5jjmlszbrv3hm60lpng-python-2.7.18.8"
        },
        "aarch64-linux": {
          "outputs": [
            {
              "name": "out",
              "path": "/nix/store/ljqc2r01qin6pb3q9m5401pknry6pgi9-python-2.7.18.8",
              "default": true
            }
          ],
          "store_path": "/nix/store/ljqc2r01qin6pb3q9m5401pknry6pgi9-python-2.7.18.8"
        },
        "x86_64-darwin": {
          "outputs": [
            {
              "name": "out",
              "path": "/nix/store/0frjpg3kjx3zpw7lzh8sd675r15dagbh-python-2.7.18.8",
              "default": true
            }
          ],
          "store_path": "/nix/store/0frjpg3kjx3zpw7lzh8sd675r15dagbh-python-2.7.18.8"
        },
        "x86_64-linux": {
          "outputs": [
            {
              "name": "out",
              "path": "/nix/store/g6rbqipgrng2pfjjh1x09qb6lxaphs1p-python-2.7.18.8",
              "default": true
            }
          ],
          "store_path": "/nix/store/g6rbqipgrng2pfjjh1x09qb6lxaphs1p-python-2.7.18.8"
        }
      }
    }
  }
}
